
Microsoft Visual Studio Solution File, Format Version 12.00
# Visual Studio Version 16
VisualStudioVersion = 16.0.28705.295
MinimumVisualStudioVersion = 10.0.40219.1
Project("{FAE04EC0-301F-11D3-BF4B-00C04F79EFBC}") = "HideAndSeek", "HideAndSeek\HideAndSeek.csproj", "{05DF7BC6-8D1E-4540-ACA0-774D369558F2}"
EndProject
Global
	GlobalSection(SolutionConfigurationPlatforms) = preSolution
		Debug|Any CPU = Debug|Any CPU
		Release|Any CPU = Release|Any CPU
	EndGlobalSection
	GlobalSection(ProjectConfigurationPlatforms) = postSolution
		{05DF7BC6-8D1E-4540-ACA0-774D369558F2}.Debug|Any CPU.ActiveCfg = Debug|Any CPU
		{05DF7BC6-8D1E-4540-ACA0-774D369558F2}.Debug|Any CPU.Build.0 = Debug|Any CPU
		{05DF7BC6-8D1E-4540-ACA0-774D369558F2}.Release|Any CPU.ActiveCfg = Release|Any CPU
		{05DF7BC6-8D1E-4540-ACA0-774D369558F2}.Release|Any CPU.Build.0 = Release|Any CPU
	EndGlobalSection
	GlobalSection(SolutionProperties) = preSolution
		HideSolutionNode = FALSE
	EndGlobalSection
	GlobalSection(ExtensibilityGlobals) = postSolution
		SolutionGuid = {DEF0DCD9-88BD-4E73-AE22-D7593FF3103D}
	EndGlobalSection
EndGlobal
